<?xml version="1.0" encoding="utf-8"?>
<Project ToolsVersion="4.0" xmlns="http://schemas.microsoft.com/developer/msbuild/2003">
  <ItemGroup>
    <Filter Include="win32">
      <UniqueIdentifier>{84a8ebd7-7cf0-47f6-b75e-d441df67da40}</UniqueIdentifier>
    </Filter>
    <Filter Include="resource">
      <UniqueIdentifier>{715254bc-d70b-4ec5-bf29-467dd3ace079}</UniqueIdentifier>
    </Filter>
    <Filter Include="src">
      <UniqueIdentifier>{bb6c862e-70e9-49d9-81b7-3829a6f50471}</UniqueIdentifier>
    </Filter>
  </ItemGroup>
  <ItemGroup>
    <ClCompile Include="main.cpp">
      <Filter>win32</Filter>
    </ClCompile>
    <ClCompile Include="..\Classes\AppDelegate.cpp">
      <Filter>src</Filter>
    </ClCompile>
    <ClCompile Include="..\Classes\Bullet\ArchMageBolt.cpp">
      <Filter>src</Filter>
    </ClCompile>
    <ClCompile Include="..\Classes\Bullet\Arrow.cpp">
      <Filter>src</Filter>
    </ClCompile>
    <ClCompile Include="..\Classes\Bullet\Bomb.cpp">
      <Filter>src</Filter>
    </ClCompile>
    <ClCompile Include="..\Classes\Bullet\Bullet.cpp">
      <Filter>src</Filter>
    </ClCompile>
    <ClCompile Include="..\Classes\Bullet\Drill.cpp">
      <Filter>src</Filter>
    </ClCompile>
    <ClCompile Include="..\Classes\Bullet\Dynamite.cpp">
      <Filter>src</Filter>
    </ClCompile>
    <ClCompile Include="..\Classes\Bullet\EarthquakeSmoke.cpp">
      <Filter>src</Filter>
    </ClCompile>
    <ClCompile Include="..\Classes\Bullet\FireBall.cpp">
      <Filter>src</Filter>
    </ClCompile>
    <ClCompile Include="..\Classes\Bullet\Freeze.cpp">
      <Filter>src</Filter>
    </ClCompile>
    <ClCompile Include="..\Classes\Bullet\Lava.cpp">
      <Filter>src</Filter>
    </ClCompile>
    <ClCompile Include="..\Classes\Bullet\MageBolt.cpp">
      <Filter>src</Filter>
    </ClCompile>
    <ClCompile Include="..\Classes\Bullet\MechaBomb.cpp">
      <Filter>src</Filter>
    </ClCompile>
    <ClCompile Include="..\Classes\Bullet\Missile.cpp">
      <Filter>src</Filter>
    </ClCompile>
    <ClCompile Include="..\Classes\Bullet\NecrBolt.cpp">
      <Filter>src</Filter>
    </ClCompile>
    <ClCompile Include="..\Classes\Bullet\RedTotem.cpp">
      <Filter>src</Filter>
    </ClCompile>
    <ClCompile Include="..\Classes\Bullet\Shit.cpp">
      <Filter>src</Filter>
    </ClCompile>
    <ClCompile Include="..\Classes\Bullet\TotemAxe.cpp">
      <Filter>src</Filter>
    </ClCompile>
    <ClCompile Include="..\Classes\Bullet\Twister.cpp">
      <Filter>src</Filter>
    </ClCompile>
    <ClCompile Include="..\Classes\Bullet\VioletTotem.cpp">
      <Filter>src</Filter>
    </ClCompile>
    <ClCompile Include="..\Classes\Data\GameManager.cpp">
      <Filter>src</Filter>
    </ClCompile>
    <ClCompile Include="..\Classes\Data\MyAnimation.cpp">
      <Filter>src</Filter>
    </ClCompile>
    <ClCompile Include="..\Classes\Data\SoundManager.cpp">
      <Filter>src</Filter>
    </ClCompile>
    <ClCompile Include="..\Classes\Layer\Failure.cpp">
      <Filter>src</Filter>
    </ClCompile>
    <ClCompile Include="..\Classes\Layer\GameOption.cpp">
      <Filter>src</Filter>
    </ClCompile>
    <ClCompile Include="..\Classes\Layer\GameViewMenu.cpp">
      <Filter>src</Filter>
    </ClCompile>
    <ClCompile Include="..\Classes\Layer\Menu\SimplePanleLayer.cpp">
      <Filter>src</Filter>
    </ClCompile>
    <ClCompile Include="..\Classes\Layer\Menu\SimplePanleLayerWithFlag.cpp">
      <Filter>src</Filter>
    </ClCompile>
    <ClCompile Include="..\Classes\Layer\Menu\TowerPanleLayer.cpp">
      <Filter>src</Filter>
    </ClCompile>
    <ClCompile Include="..\Classes\Layer\Menu\UpdatePanleLayer.cpp">
      <Filter>src</Filter>
    </ClCompile>
    <ClCompile Include="..\Classes\Layer\Menu\UpdatePanleLayer2.cpp">
      <Filter>src</Filter>
    </ClCompile>
    <ClCompile Include="..\Classes\Layer\Menu\UpdatePanleLayer2WithFlag.cpp">
      <Filter>src</Filter>
    </ClCompile>
    <ClCompile Include="..\Classes\Layer\Menu\UpdatePanleLayerWithFlag.cpp">
      <Filter>src</Filter>
    </ClCompile>
    <ClCompile Include="..\Classes\Layer\PlayerStateMenu.cpp">
      <Filter>src</Filter>
    </ClCompile>
    <ClCompile Include="..\Classes\Layer\TouchLayer.cpp">
      <Filter>src</Filter>
    </ClCompile>
    <ClCompile Include="..\Classes\Layer\Victory.cpp">
      <Filter>src</Filter>
    </ClCompile>
    <ClCompile Include="..\Classes\Map\BaseMap.cpp">
      <Filter>src</Filter>
    </ClCompile>
    <ClCompile Include="..\Classes\Map\Level0.cpp">
      <Filter>src</Filter>
    </ClCompile>
    <ClCompile Include="..\Classes\Map\Level1.cpp">
      <Filter>src</Filter>
    </ClCompile>
    <ClCompile Include="..\Classes\Map\Level10.cpp">
      <Filter>src</Filter>
    </ClCompile>
    <ClCompile Include="..\Classes\Map\Level11.cpp">
      <Filter>src</Filter>
    </ClCompile>
    <ClCompile Include="..\Classes\Map\Level12.cpp">
      <Filter>src</Filter>
    </ClCompile>
    <ClCompile Include="..\Classes\Map\Level13.cpp">
      <Filter>src</Filter>
    </ClCompile>
    <ClCompile Include="..\Classes\Map\Level2.cpp">
      <Filter>src</Filter>
    </ClCompile>
    <ClCompile Include="..\Classes\Map\Level3.cpp">
      <Filter>src</Filter>
    </ClCompile>
    <ClCompile Include="..\Classes\Map\Level4.cpp">
      <Filter>src</Filter>
    </ClCompile>
    <ClCompile Include="..\Classes\Map\Level5.cpp">
      <Filter>src</Filter>
    </ClCompile>
    <ClCompile Include="..\Classes\Map\Level6.cpp">
      <Filter>src</Filter>
    </ClCompile>
    <ClCompile Include="..\Classes\Map\Level7.cpp">
      <Filter>src</Filter>
    </ClCompile>
    <ClCompile Include="..\Classes\Map\Level8.cpp">
      <Filter>src</Filter>
    </ClCompile>
    <ClCompile Include="..\Classes\Map\Level9.cpp">
      <Filter>src</Filter>
    </ClCompile>
    <ClCompile Include="..\Classes\Monster\BaseMonster.cpp">
      <Filter>src</Filter>
    </ClCompile>
    <ClCompile Include="..\Classes\Monster\Boss\Boss_Canibal.cpp">
      <Filter>src</Filter>
    </ClCompile>
    <ClCompile Include="..\Classes\Monster\Boss\Boss_Efreeti.cpp">
      <Filter>src</Filter>
    </ClCompile>
    <ClCompile Include="..\Classes\Monster\Boss\CanibalOffspring.cpp">
      <Filter>src</Filter>
    </ClCompile>
    <ClCompile Include="..\Classes\Monster\Boss\Efreeti.cpp">
      <Filter>src</Filter>
    </ClCompile>
    <ClCompile Include="..\Classes\Monster\Desert\Executioner.cpp">
      <Filter>src</Filter>
    </ClCompile>
    <ClCompile Include="..\Classes\Monster\Desert\Fallen.cpp">
      <Filter>src</Filter>
    </ClCompile>
    <ClCompile Include="..\Classes\Monster\Desert\Immortal.cpp">
      <Filter>src</Filter>
    </ClCompile>
    <ClCompile Include="..\Classes\Monster\Desert\Munra.cpp">
      <Filter>src</Filter>
    </ClCompile>
    <ClCompile Include="..\Classes\Monster\Desert\Raider.cpp">
      <Filter>src</Filter>
    </ClCompile>
    <ClCompile Include="..\Classes\Monster\Desert\Scorpion.cpp">
      <Filter>src</Filter>
    </ClCompile>
    <ClCompile Include="..\Classes\Monster\Desert\Thug.cpp">
      <Filter>src</Filter>
    </ClCompile>
    <ClCompile Include="..\Classes\Monster\Desert\Tremor.cpp">
      <Filter>src</Filter>
    </ClCompile>
    <ClCompile Include="..\Classes\Monster\Desert\WaspHornet.cpp">
      <Filter>src</Filter>
    </ClCompile>
    <ClCompile Include="..\Classes\Monster\Desert\WaspQueen.cpp">
      <Filter>src</Filter>
    </ClCompile>
    <ClCompile Include="..\Classes\Monster\Desert\Wolf.cpp">
      <Filter>src</Filter>
    </ClCompile>
    <ClCompile Include="..\Classes\Monster\GroupMonster.cpp">
      <Filter>src</Filter>
    </ClCompile>
    <ClCompile Include="..\Classes\Monster\Jungle\Canibal.cpp">
      <Filter>src</Filter>
    </ClCompile>
    <ClCompile Include="..\Classes\Monster\Jungle\Gorilla.cpp">
      <Filter>src</Filter>
    </ClCompile>
    <ClCompile Include="..\Classes\Monster\Jungle\Hunter.cpp">
      <Filter>src</Filter>
    </ClCompile>
    <ClCompile Include="..\Classes\Monster\Jungle\Priest.cpp">
      <Filter>src</Filter>
    </ClCompile>
    <ClCompile Include="..\Classes\Monster\Jungle\Shaman.cpp">
      <Filter>src</Filter>
    </ClCompile>
    <ClCompile Include="..\Classes\Monster\Jungle\Shield.cpp">
      <Filter>src</Filter>
    </ClCompile>
    <ClCompile Include="..\Classes\Monster\Jungle\WingRider.cpp">
      <Filter>src</Filter>
    </ClCompile>
    <ClCompile Include="..\Classes\Monster\Underground\Blazefang.cpp">
      <Filter>src</Filter>
    </ClCompile>
    <ClCompile Include="..\Classes\Monster\Underground\Broodguard.cpp">
      <Filter>src</Filter>
    </ClCompile>
    <ClCompile Include="..\Classes\Monster\Underground\Elite.cpp">
      <Filter>src</Filter>
    </ClCompile>
    <ClCompile Include="..\Classes\Monster\Underground\Myrmidon.cpp">
      <Filter>src</Filter>
    </ClCompile>
    <ClCompile Include="..\Classes\Monster\Underground\Nightscale.cpp">
      <Filter>src</Filter>
    </ClCompile>
    <ClCompile Include="..\Classes\Monster\Underground\Quetzal.cpp">
      <Filter>src</Filter>
    </ClCompile>
    <ClCompile Include="..\Classes\Road\Road.cpp">
      <Filter>src</Filter>
    </ClCompile>
    <ClCompile Include="..\Classes\Scene\ChooseDifficulty.cpp">
      <Filter>src</Filter>
    </ClCompile>
    <ClCompile Include="..\Classes\Scene\GameScene.cpp">
      <Filter>src</Filter>
    </ClCompile>
    <ClCompile Include="..\Classes\Scene\GameView.cpp">
      <Filter>src</Filter>
    </ClCompile>
    <ClCompile Include="..\Classes\Scene\Introduction\EncyclopaediaTips.cpp">
      <Filter>src</Filter>
    </ClCompile>
    <ClCompile Include="..\Classes\Scene\Introduction\EncyclopediaScene.cpp">
      <Filter>src</Filter>
    </ClCompile>
    <ClCompile Include="..\Classes\Scene\Introduction\EnemyDesc.cpp">
      <Filter>src</Filter>
    </ClCompile>
    <ClCompile Include="..\Classes\Scene\Introduction\EnemyScene.cpp">
      <Filter>src</Filter>
    </ClCompile>
    <ClCompile Include="..\Classes\Scene\Introduction\Information.cpp">
      <Filter>src</Filter>
    </ClCompile>
    <ClCompile Include="..\Classes\Scene\Introduction\TowerDesc.cpp">
      <Filter>src</Filter>
    </ClCompile>
    <ClCompile Include="..\Classes\Scene\Introduction\TowerScene.cpp">
      <Filter>src</Filter>
    </ClCompile>
    <ClCompile Include="..\Classes\Scene\LoadingScene.cpp">
      <Filter>src</Filter>
    </ClCompile>
    <ClCompile Include="..\Classes\Scene\ShopScene.cpp">
      <Filter>src</Filter>
    </ClCompile>
    <ClCompile Include="..\Classes\Scene\Story\BeginAnimation.cpp">
      <Filter>src</Filter>
    </ClCompile>
    <ClCompile Include="..\Classes\Scene\TransitionGame.cpp">
      <Filter>src</Filter>
    </ClCompile>
    <ClCompile Include="..\Classes\Scene\UpdateTowerScene\Icons.cpp">
      <Filter>src</Filter>
    </ClCompile>
    <ClCompile Include="..\Classes\Scene\UpdateTowerScene\Upgrades.cpp">
      <Filter>src</Filter>
    </ClCompile>
    <ClCompile Include="..\Classes\Scene\WelcomeScene.cpp">
      <Filter>src</Filter>
    </ClCompile>
    <ClCompile Include="..\Classes\Soldier\Assassin.cpp">
      <Filter>src</Filter>
    </ClCompile>
    <ClCompile Include="..\Classes\Soldier\BarrackSoldier.cpp">
      <Filter>src</Filter>
    </ClCompile>
    <ClCompile Include="..\Classes\Soldier\BaseSoldier.cpp">
      <Filter>src</Filter>
    </ClCompile>
    <ClCompile Include="..\Classes\Soldier\DeathKnight.cpp">
      <Filter>src</Filter>
    </ClCompile>
    <ClCompile Include="..\Classes\Soldier\Mecha.cpp">
      <Filter>src</Filter>
    </ClCompile>
    <ClCompile Include="..\Classes\Soldier\ReinforceSoldier1.cpp">
      <Filter>src</Filter>
    </ClCompile>
    <ClCompile Include="..\Classes\Soldier\ReinforceSoldier2.cpp">
      <Filter>src</Filter>
    </ClCompile>
    <ClCompile Include="..\Classes\Soldier\Skeleton.cpp">
      <Filter>src</Filter>
    </ClCompile>
    <ClCompile Include="..\Classes\Soldier\Templar.cpp">
      <Filter>src</Filter>
    </ClCompile>
    <ClCompile Include="..\Classes\Sprite\Circle\Circle.cpp">
      <Filter>src</Filter>
    </ClCompile>
    <ClCompile Include="..\Classes\Sprite\Circle\RallyCircle.cpp">
      <Filter>src</Filter>
    </ClCompile>
    <ClCompile Include="..\Classes\Sprite\MagicIcon.cpp">
      <Filter>src</Filter>
    </ClCompile>
    <ClCompile Include="..\Classes\Sprite\MapFlag.cpp">
      <Filter>src</Filter>
    </ClCompile>
    <ClCompile Include="..\Classes\Sprite\MonsterInfoLayer.cpp">
      <Filter>src</Filter>
    </ClCompile>
    <ClCompile Include="..\Classes\Sprite\RespirationSprite.cpp">
      <Filter>src</Filter>
    </ClCompile>
    <ClCompile Include="..\Classes\Sprite\ShopIcon.cpp">
      <Filter>src</Filter>
    </ClCompile>
    <ClCompile Include="..\Classes\Sprite\SlotMenu.cpp">
      <Filter>src</Filter>
    </ClCompile>
    <ClCompile Include="..\Classes\Sprite\Smoke.cpp">
      <Filter>src</Filter>
    </ClCompile>
    <ClCompile Include="..\Classes\Sprite\TowerIcon\BaseBuildIcon.cpp">
      <Filter>src</Filter>
    </ClCompile>
    <ClCompile Include="..\Classes\Sprite\TowerIcon\SellIcon.cpp">
      <Filter>src</Filter>
    </ClCompile>
    <ClCompile Include="..\Classes\Sprite\TowerInfoLayer.cpp">
      <Filter>src</Filter>
    </ClCompile>
    <ClCompile Include="..\Classes\Sprite\UpdateIcon.cpp">
      <Filter>src</Filter>
    </ClCompile>
    <ClCompile Include="..\Classes\Sprite\WaveFlag.cpp">
      <Filter>src</Filter>
    </ClCompile>
    <ClCompile Include="..\Classes\Tower\ArchMageTower.cpp">
      <Filter>src</Filter>
    </ClCompile>
    <ClCompile Include="..\Classes\Tower\BaseArrowTower.cpp">
      <Filter>src</Filter>
    </ClCompile>
    <ClCompile Include="..\Classes\Tower\BaseArtilleryTower.cpp">
      <Filter>src</Filter>
    </ClCompile>
    <ClCompile Include="..\Classes\Tower\BaseBarracksTower.cpp">
      <Filter>src</Filter>
    </ClCompile>
    <ClCompile Include="..\Classes\Tower\BaseMageTower.cpp">
      <Filter>src</Filter>
    </ClCompile>
    <ClCompile Include="..\Classes\Tower\BaseTower.cpp">
      <Filter>src</Filter>
    </ClCompile>
    <ClCompile Include="..\Classes\Tower\CossbowHunterTower.cpp">
      <Filter>src</Filter>
    </ClCompile>
    <ClCompile Include="..\Classes\Tower\EarthquakeTower.cpp">
      <Filter>src</Filter>
    </ClCompile>
    <ClCompile Include="..\Classes\Tower\MechsTower.cpp">
      <Filter>src</Filter>
    </ClCompile>
    <ClCompile Include="..\Classes\Tower\NecromancerTower.cpp">
      <Filter>src</Filter>
    </ClCompile>
    <ClCompile Include="..\Classes\Tower\SimpleArrowTowerlvl1.cpp">
      <Filter>src</Filter>
    </ClCompile>
    <ClCompile Include="..\Classes\Tower\SimpleArrowTowerLvl2.cpp">
      <Filter>src</Filter>
    </ClCompile>
    <ClCompile Include="..\Classes\Tower\SimpleArrowTowerLvl3.cpp">
      <Filter>src</Filter>
    </ClCompile>
    <ClCompile Include="..\Classes\Tower\SimpleArtilleryTowerlvl1.cpp">
      <Filter>src</Filter>
    </ClCompile>
    <ClCompile Include="..\Classes\Tower\SimpleArtilleryTowerlvl2.cpp">
      <Filter>src</Filter>
    </ClCompile>
    <ClCompile Include="..\Classes\Tower\SimpleArtilleryTowerlvl3.cpp">
      <Filter>src</Filter>
    </ClCompile>
    <ClCompile Include="..\Classes\Tower\SimpleMageTowerlvl1.cpp">
      <Filter>src</Filter>
    </ClCompile>
    <ClCompile Include="..\Classes\Tower\SimpleMageTowerlvl2.cpp">
      <Filter>src</Filter>
    </ClCompile>
    <ClCompile Include="..\Classes\Tower\SimpleMageTowerlvl3.cpp">
      <Filter>src</Filter>
    </ClCompile>
    <ClCompile Include="..\Classes\Tower\Terrain.cpp">
      <Filter>src</Filter>
    </ClCompile>
    <ClCompile Include="..\Classes\Tower\TotemTower.cpp">
      <Filter>src</Filter>
    </ClCompile>
  </ItemGroup>
  <ItemGroup>
    <ClInclude Include="main.h">
      <Filter>win32</Filter>
    </ClInclude>
    <ClInclude Include="..\Classes\AppDelegate.h">
      <Filter>src</Filter>
    </ClInclude>
    <ClInclude Include="..\Classes\Bullet\ArchMageBolt.h">
      <Filter>src</Filter>
    </ClInclude>
    <ClInclude Include="..\Classes\Bullet\Arrow.h">
      <Filter>src</Filter>
    </ClInclude>
    <ClInclude Include="..\Classes\Bullet\Bomb.h">
      <Filter>src</Filter>
    </ClInclude>
    <ClInclude Include="..\Classes\Bullet\Bullet.h">
      <Filter>src</Filter>
    </ClInclude>
    <ClInclude Include="..\Classes\Bullet\Drill.h">
      <Filter>src</Filter>
    </ClInclude>
    <ClInclude Include="..\Classes\Bullet\Dynamite.h">
      <Filter>src</Filter>
    </ClInclude>
    <ClInclude Include="..\Classes\Bullet\EarthquakeSmoke.h">
      <Filter>src</Filter>
    </ClInclude>
    <ClInclude Include="..\Classes\Bullet\FireBall.h">
      <Filter>src</Filter>
    </ClInclude>
    <ClInclude Include="..\Classes\Bullet\Freeze.h">
      <Filter>src</Filter>
    </ClInclude>
    <ClInclude Include="..\Classes\Bullet\Lava.h">
      <Filter>src</Filter>
    </ClInclude>
    <ClInclude Include="..\Classes\Bullet\MageBolt.h">
      <Filter>src</Filter>
    </ClInclude>
    <ClInclude Include="..\Classes\Bullet\MechaBomb.h">
      <Filter>src</Filter>
    </ClInclude>
    <ClInclude Include="..\Classes\Bullet\Missile.h">
      <Filter>src</Filter>
    </ClInclude>
    <ClInclude Include="..\Classes\Bullet\NecrBolt.h">
      <Filter>src</Filter>
    </ClInclude>
    <ClInclude Include="..\Classes\Bullet\RedTotem.h">
      <Filter>src</Filter>
    </ClInclude>
    <ClInclude Include="..\Classes\Bullet\Shit.h">
      <Filter>src</Filter>
    </ClInclude>
    <ClInclude Include="..\Classes\Bullet\Smoke.h">
      <Filter>src</Filter>
    </ClInclude>
    <ClInclude Include="..\Classes\Bullet\TotemAxe.h">
      <Filter>src</Filter>
    </ClInclude>
    <ClInclude Include="..\Classes\Bullet\Twister.h">
      <Filter>src</Filter>
    </ClInclude>
    <ClInclude Include="..\Classes\Bullet\VioletTotem.h">
      <Filter>src</Filter>
    </ClInclude>
    <ClInclude Include="..\Classes\Data\GameManager.h">
      <Filter>src</Filter>
    </ClInclude>
    <ClInclude Include="..\Classes\Data\MyAnimation.h">
      <Filter>src</Filter>
    </ClInclude>
    <ClInclude Include="..\Classes\Data\SoundManager.h">
      <Filter>src</Filter>
    </ClInclude>
    <ClInclude Include="..\Classes\Layer\Failure.h">
      <Filter>src</Filter>
    </ClInclude>
    <ClInclude Include="..\Classes\Layer\GameOption.h">
      <Filter>src</Filter>
    </ClInclude>
    <ClInclude Include="..\Classes\Layer\GameViewMenu.h">
      <Filter>src</Filter>
    </ClInclude>
    <ClInclude Include="..\Classes\Layer\Menu\SimplePanleLayer.h">
      <Filter>src</Filter>
    </ClInclude>
    <ClInclude Include="..\Classes\Layer\Menu\SimplePanleLayerWithFlag.h">
      <Filter>src</Filter>
    </ClInclude>
    <ClInclude Include="..\Classes\Layer\Menu\TowerPanleLayer.h">
      <Filter>src</Filter>
    </ClInclude>
    <ClInclude Include="..\Classes\Layer\Menu\UpdatePanleLayer.h">
      <Filter>src</Filter>
    </ClInclude>
    <ClInclude Include="..\Classes\Layer\Menu\UpdatePanleLayer2.h">
      <Filter>src</Filter>
    </ClInclude>
    <ClInclude Include="..\Classes\Layer\Menu\UpdatePanleLayer2WithFlag.h">
      <Filter>src</Filter>
    </ClInclude>
    <ClInclude Include="..\Classes\Layer\Menu\UpdatePanleLayerWithFlag.h">
      <Filter>src</Filter>
    </ClInclude>
    <ClInclude Include="..\Classes\Layer\PlayerStateMenu.h">
      <Filter>src</Filter>
    </ClInclude>
    <ClInclude Include="..\Classes\Layer\TouchLayer.h">
      <Filter>src</Filter>
    </ClInclude>
    <ClInclude Include="..\Classes\Layer\Victory.h">
      <Filter>src</Filter>
    </ClInclude>
    <ClInclude Include="..\Classes\Map\BaseMap.h">
      <Filter>src</Filter>
    </ClInclude>
    <ClInclude Include="..\Classes\Map\Level0.h">
      <Filter>src</Filter>
    </ClInclude>
    <ClInclude Include="..\Classes\Map\Level1.h">
      <Filter>src</Filter>
    </ClInclude>
    <ClInclude Include="..\Classes\Map\Level10.h">
      <Filter>src</Filter>
    </ClInclude>
    <ClInclude Include="..\Classes\Map\Level11.h">
      <Filter>src</Filter>
    </ClInclude>
    <ClInclude Include="..\Classes\Map\Level12.h">
      <Filter>src</Filter>
    </ClInclude>
    <ClInclude Include="..\Classes\Map\Level13.h">
      <Filter>src</Filter>
    </ClInclude>
    <ClInclude Include="..\Classes\Map\Level2.h">
      <Filter>src</Filter>
    </ClInclude>
    <ClInclude Include="..\Classes\Map\Level3.h">
      <Filter>src</Filter>
    </ClInclude>
    <ClInclude Include="..\Classes\Map\Level4.h">
      <Filter>src</Filter>
    </ClInclude>
    <ClInclude Include="..\Classes\Map\Level5.h">
      <Filter>src</Filter>
    </ClInclude>
    <ClInclude Include="..\Classes\Map\Level6.h">
      <Filter>src</Filter>
    </ClInclude>
    <ClInclude Include="..\Classes\Map\Level7.h">
      <Filter>src</Filter>
    </ClInclude>
    <ClInclude Include="..\Classes\Map\Level8.h">
      <Filter>src</Filter>
    </ClInclude>
    <ClInclude Include="..\Classes\Map\Level9.h">
      <Filter>src</Filter>
    </ClInclude>
    <ClInclude Include="..\Classes\Monster\BaseMonster.h">
      <Filter>src</Filter>
    </ClInclude>
    <ClInclude Include="..\Classes\Monster\Boss\Boss_Canibal.h">
      <Filter>src</Filter>
    </ClInclude>
    <ClInclude Include="..\Classes\Monster\Boss\Boss_Efreeti.h">
      <Filter>src</Filter>
    </ClInclude>
    <ClInclude Include="..\Classes\Monster\Boss\CanibalOffspring.h">
      <Filter>src</Filter>
    </ClInclude>
    <ClInclude Include="..\Classes\Monster\Boss\Efreeti.h">
      <Filter>src</Filter>
    </ClInclude>
    <ClInclude Include="..\Classes\Monster\Desert\Executioner.h">
      <Filter>src</Filter>
    </ClInclude>
    <ClInclude Include="..\Classes\Monster\Desert\Fallen.h">
      <Filter>src</Filter>
    </ClInclude>
    <ClInclude Include="..\Classes\Monster\Desert\Immortal.h">
      <Filter>src</Filter>
    </ClInclude>
    <ClInclude Include="..\Classes\Monster\Desert\Munra.h">
      <Filter>src</Filter>
    </ClInclude>
    <ClInclude Include="..\Classes\Monster\Desert\Raider.h">
      <Filter>src</Filter>
    </ClInclude>
    <ClInclude Include="..\Classes\Monster\Desert\Scorpion.h">
      <Filter>src</Filter>
    </ClInclude>
    <ClInclude Include="..\Classes\Monster\Desert\Thug.h">
      <Filter>src</Filter>
    </ClInclude>
    <ClInclude Include="..\Classes\Monster\Desert\Tremor.h">
      <Filter>src</Filter>
    </ClInclude>
    <ClInclude Include="..\Classes\Monster\Desert\WaspHornet.h">
      <Filter>src</Filter>
    </ClInclude>
    <ClInclude Include="..\Classes\Monster\Desert\WaspQueen.h">
      <Filter>src</Filter>
    </ClInclude>
    <ClInclude Include="..\Classes\Monster\Desert\Wolf.h">
      <Filter>src</Filter>
    </ClInclude>
    <ClInclude Include="..\Classes\Monster\GroupMonster.h">
      <Filter>src</Filter>
    </ClInclude>
    <ClInclude Include="..\Classes\Monster\Jungle\Canibal.h">
      <Filter>src</Filter>
    </ClInclude>
    <ClInclude Include="..\Classes\Monster\Jungle\Gorilla.h">
      <Filter>src</Filter>
    </ClInclude>
    <ClInclude Include="..\Classes\Monster\Jungle\Hunter.h">
      <Filter>src</Filter>
    </ClInclude>
    <ClInclude Include="..\Classes\Monster\Jungle\Priest.h">
      <Filter>src</Filter>
    </ClInclude>
    <ClInclude Include="..\Classes\Monster\Jungle\Shaman.h">
      <Filter>src</Filter>
    </ClInclude>
    <ClInclude Include="..\Classes\Monster\Jungle\Shield.h">
      <Filter>src</Filter>
    </ClInclude>
    <ClInclude Include="..\Classes\Monster\Jungle\WingRider.h">
      <Filter>src</Filter>
    </ClInclude>
    <ClInclude Include="..\Classes\Monster\Underground\Blazefang.h">
      <Filter>src</Filter>
    </ClInclude>
    <ClInclude Include="..\Classes\Monster\Underground\Broodguard.h">
      <Filter>src</Filter>
    </ClInclude>
    <ClInclude Include="..\Classes\Monster\Underground\Elite.h">
      <Filter>src</Filter>
    </ClInclude>
    <ClInclude Include="..\Classes\Monster\Underground\Myrmidon.h">
      <Filter>src</Filter>
    </ClInclude>
    <ClInclude Include="..\Classes\Monster\Underground\Nightscale.h">
      <Filter>src</Filter>
    </ClInclude>
    <ClInclude Include="..\Classes\Monster\Underground\Quetzal.h">
      <Filter>src</Filter>
    </ClInclude>
    <ClInclude Include="..\Classes\Road\Road.h">
      <Filter>src</Filter>
    </ClInclude>
    <ClInclude Include="..\Classes\Scene\ChooseDifficulty.h">
      <Filter>src</Filter>
    </ClInclude>
    <ClInclude Include="..\Classes\Scene\GameScene.h">
      <Filter>src</Filter>
    </ClInclude>
    <ClInclude Include="..\Classes\Scene\GameView.h">
      <Filter>src</Filter>
    </ClInclude>
    <ClInclude Include="..\Classes\Scene\Introduction\EncyclopaediaTips.h">
      <Filter>src</Filter>
    </ClInclude>
    <ClInclude Include="..\Classes\Scene\Introduction\EncyclopediaScene.h">
      <Filter>src</Filter>
    </ClInclude>
    <ClInclude Include="..\Classes\Scene\Introduction\EnemyDesc.h">
      <Filter>src</Filter>
    </ClInclude>
    <ClInclude Include="..\Classes\Scene\Introduction\EnemyScene.h">
      <Filter>src</Filter>
    </ClInclude>
    <ClInclude Include="..\Classes\Scene\Introduction\Information.h">
      <Filter>src</Filter>
    </ClInclude>
    <ClInclude Include="..\Classes\Scene\Introduction\TowerDesc.h">
      <Filter>src</Filter>
    </ClInclude>
    <ClInclude Include="..\Classes\Scene\Introduction\TowerScene.h">
      <Filter>src</Filter>
    </ClInclude>
    <ClInclude Include="..\Classes\Scene\LoadingScene.h">
      <Filter>src</Filter>
    </ClInclude>
    <ClInclude Include="..\Classes\Scene\ShopScene.h">
      <Filter>src</Filter>
    </ClInclude>
    <ClInclude Include="..\Classes\Scene\Story\BeginAnimation.h">
      <Filter>src</Filter>
    </ClInclude>
    <ClInclude Include="..\Classes\Scene\TransitionGame.h">
      <Filter>src</Filter>
    </ClInclude>
    <ClInclude Include="..\Classes\Scene\UpdateTowerScene\Icons.h">
      <Filter>src</Filter>
    </ClInclude>
    <ClInclude Include="..\Classes\Scene\UpdateTowerScene\Upgrades.h">
      <Filter>src</Filter>
    </ClInclude>
    <ClInclude Include="..\Classes\Scene\WelcomeScene.h">
      <Filter>src</Filter>
    </ClInclude>
    <ClInclude Include="..\Classes\Soldier\Assassin.h">
      <Filter>src</Filter>
    </ClInclude>
    <ClInclude Include="..\Classes\Soldier\BarrackSoldier.h">
      <Filter>src</Filter>
    </ClInclude>
    <ClInclude Include="..\Classes\Soldier\BaseSoldier.h">
      <Filter>src</Filter>
    </ClInclude>
    <ClInclude Include="..\Classes\Soldier\DeathKnight.h">
      <Filter>src</Filter>
    </ClInclude>
    <ClInclude Include="..\Classes\Soldier\Mecha.h">
      <Filter>src</Filter>
    </ClInclude>
    <ClInclude Include="..\Classes\Soldier\ReinforceSoldier1.h">
      <Filter>src</Filter>
    </ClInclude>
    <ClInclude Include="..\Classes\Soldier\ReinforceSoldier2.h">
      <Filter>src</Filter>
    </ClInclude>
    <ClInclude Include="..\Classes\Soldier\Skeleton.h">
      <Filter>src</Filter>
    </ClInclude>
    <ClInclude Include="..\Classes\Soldier\Templar.h">
      <Filter>src</Filter>
    </ClInclude>
    <ClInclude Include="..\Classes\Sprite\Circle\Circle.h">
      <Filter>src</Filter>
    </ClInclude>
    <ClInclude Include="..\Classes\Sprite\Circle\RallyCircle.h">
      <Filter>src</Filter>
    </ClInclude>
    <ClInclude Include="..\Classes\Sprite\MagicIcon.h">
      <Filter>src</Filter>
    </ClInclude>
    <ClInclude Include="..\Classes\Sprite\MapFlag.h">
      <Filter>src</Filter>
    </ClInclude>
    <ClInclude Include="..\Classes\Sprite\MonsterInfoLayer.h">
      <Filter>src</Filter>
    </ClInclude>
    <ClInclude Include="..\Classes\Sprite\RespirationSprite.h">
      <Filter>src</Filter>
    </ClInclude>
    <ClInclude Include="..\Classes\Sprite\ShopIcon.h">
      <Filter>src</Filter>
    </ClInclude>
    <ClInclude Include="..\Classes\Sprite\SlotMenu.h">
      <Filter>src</Filter>
    </ClInclude>
    <ClInclude Include="..\Classes\Sprite\TowerIcon\BaseBuildIcon.h">
      <Filter>src</Filter>
    </ClInclude>
    <ClInclude Include="..\Classes\Sprite\TowerIcon\SellIcon.h">
      <Filter>src</Filter>
    </ClInclude>
    <ClInclude Include="..\Classes\Sprite\TowerInfoLayer.h">
      <Filter>src</Filter>
    </ClInclude>
    <ClInclude Include="..\Classes\Sprite\UpdateIcon.h">
      <Filter>src</Filter>
    </ClInclude>
    <ClInclude Include="..\Classes\Sprite\WaveFlag.h">
      <Filter>src</Filter>
    </ClInclude>
    <ClInclude Include="..\Classes\Tower\ArchMageTower.h">
      <Filter>src</Filter>
    </ClInclude>
    <ClInclude Include="..\Classes\Tower\BaseArrowTower.h">
      <Filter>src</Filter>
    </ClInclude>
    <ClInclude Include="..\Classes\Tower\BaseArtilleryTower.h">
      <Filter>src</Filter>
    </ClInclude>
    <ClInclude Include="..\Classes\Tower\BaseBarracksTower.h">
      <Filter>src</Filter>
    </ClInclude>
    <ClInclude Include="..\Classes\Tower\BaseMageTower.h">
      <Filter>src</Filter>
    </ClInclude>
    <ClInclude Include="..\Classes\Tower\BaseTower.h">
      <Filter>src</Filter>
    </ClInclude>
    <ClInclude Include="..\Classes\Tower\CossbowHunterTower.h">
      <Filter>src</Filter>
    </ClInclude>
    <ClInclude Include="..\Classes\Tower\EarthquakeTower.h">
      <Filter>src</Filter>
    </ClInclude>
    <ClInclude Include="..\Classes\Tower\MechsTower.h">
      <Filter>src</Filter>
    </ClInclude>
    <ClInclude Include="..\Classes\Tower\NecromancerTower.h">
      <Filter>src</Filter>
    </ClInclude>
    <ClInclude Include="..\Classes\Tower\SimpleArrowTowerlvl1.h">
      <Filter>src</Filter>
    </ClInclude>
    <ClInclude Include="..\Classes\Tower\SimpleArrowTowerLvl2.h">
      <Filter>src</Filter>
    </ClInclude>
    <ClInclude Include="..\Classes\Tower\SimpleArrowTowerLvl3.h">
      <Filter>src</Filter>
    </ClInclude>
    <ClInclude Include="..\Classes\Tower\SimpleArtilleryTowerlvl1.h">
      <Filter>src</Filter>
    </ClInclude>
    <ClInclude Include="..\Classes\Tower\SimpleArtilleryTowerlvl2.h">
      <Filter>src</Filter>
    </ClInclude>
    <ClInclude Include="..\Classes\Tower\SimpleArtilleryTowerlvl3.h">
      <Filter>src</Filter>
    </ClInclude>
    <ClInclude Include="..\Classes\Tower\SimpleMageTowerlvl1.h">
      <Filter>src</Filter>
    </ClInclude>
    <ClInclude Include="..\Classes\Tower\SimpleMageTowerlvl2.h">
      <Filter>src</Filter>
    </ClInclude>
    <ClInclude Include="..\Classes\Tower\SimpleMageTowerlvl3.h">
      <Filter>src</Filter>
    </ClInclude>
    <ClInclude Include="..\Classes\Tower\Terrain.h">
      <Filter>src</Filter>
    </ClInclude>
    <ClInclude Include="..\Classes\Tower\TotemTower.h">
      <Filter>src</Filter>
    </ClInclude>
  </ItemGroup>
  <ItemGroup>
    <ResourceCompile Include="game.rc">
      <Filter>resource</Filter>
    </ResourceCompile>
  </ItemGroup>
</Project>